// !$*UTF8*$!
{
	archiveVersion = 1;
	classes = {
	};
	objectVersion = 51;
	objects = {

/* Begin PBXBuildFile section */
		C60B6458661AC783FD2F7B9B /* Pods_TravelApp_TravelAppUITests.framework in Frameworks */ = {isa = PBXBuildFile; fileRef = 38393D35130906E3AD3FB10E /* Pods_TravelApp_TravelAppUITests.framework */; };
		C948790E9B6450F86CF03FF0 /* Pods_TravelAppTests.framework in Frameworks */ = {isa = PBXBuildFile; fileRef = 38A613FADBB67F7D7DDC233B /* Pods_TravelAppTests.framework */; };
		E912D22524732E3C00D8181A /* Double+rounded.swift in Sources */ = {isa = PBXBuildFile; fileRef = E912D22424732E3C00D8181A /* Double+rounded.swift */; };
		E912D22724732ED100D8181A /* Date+dateFormatter.swift in Sources */ = {isa = PBXBuildFile; fileRef = E912D22624732ED100D8181A /* Date+dateFormatter.swift */; };
		E923012824453F7C00165D1B /* WeatherExchangeResponse.swift in Sources */ = {isa = PBXBuildFile; fileRef = E923012724453F7C00165D1B /* WeatherExchangeResponse.swift */; };
		E92EC99B24465E0B00386438 /* TranslationResponse.swift in Sources */ = {isa = PBXBuildFile; fileRef = E92EC99A24465E0B00386438 /* TranslationResponse.swift */; };
		E92EC99D24465E4A00386438 /* TranslationService.swift in Sources */ = {isa = PBXBuildFile; fileRef = E92EC99C24465E4A00386438 /* TranslationService.swift */; };
		E9752D56247C9AA4009467A3 /* Rates.json in Resources */ = {isa = PBXBuildFile; fileRef = E9752D55247C9AA4009467A3 /* Rates.json */; };
		E9752D58247C9B4F009467A3 /* FakeResponseData.swift in Sources */ = {isa = PBXBuildFile; fileRef = E9752D57247C9B4F009467A3 /* FakeResponseData.swift */; };
		E9752D5B247CA9C8009467A3 /* URLRatesSessionFake.swift in Sources */ = {isa = PBXBuildFile; fileRef = E9752D5A247CA9C8009467A3 /* URLRatesSessionFake.swift */; };
		E9752D5D247CD39A009467A3 /* Weather.json in Resources */ = {isa = PBXBuildFile; fileRef = E9752D5C247CD39A009467A3 /* Weather.json */; };
		E9752D5F247CD427009467A3 /* Translate.json in Resources */ = {isa = PBXBuildFile; fileRef = E9752D5E247CD427009467A3 /* Translate.json */; };
		E992EB35246C39360088D0A7 /* UIViewController+alert.swift in Sources */ = {isa = PBXBuildFile; fileRef = E992EB34246C39360088D0A7 /* UIViewController+alert.swift */; };
		E9B81533247EA7ED009F6337 /* UrlEncoder.swift in Sources */ = {isa = PBXBuildFile; fileRef = E9B81532247EA7ED009F6337 /* UrlEncoder.swift */; };
		E9B8F6142444DF6700A52C8B /* CurrencyExchangeResponse.swift in Sources */ = {isa = PBXBuildFile; fileRef = E9B8F6132444DF6700A52C8B /* CurrencyExchangeResponse.swift */; };
		E9BACF2A243AD90E0074E6B0 /* UIView+setGradientBackground.swift in Sources */ = {isa = PBXBuildFile; fileRef = E9BACF29243AD90E0074E6B0 /* UIView+setGradientBackground.swift */; };
		E9BACF2E243AE8B80074E6B0 /* ExchangeRatesViewController.swift in Sources */ = {isa = PBXBuildFile; fileRef = E9BACF2D243AE8B80074E6B0 /* ExchangeRatesViewController.swift */; };
		E9CBA538243BF99400BFEA04 /* WeatherServices.swift in Sources */ = {isa = PBXBuildFile; fileRef = E9CBA537243BF99400BFEA04 /* WeatherServices.swift */; };
		E9CBA53C243D61D100BFEA04 /* TranslationViewController.swift in Sources */ = {isa = PBXBuildFile; fileRef = E9CBA53B243D61D100BFEA04 /* TranslationViewController.swift */; };
		E9EB11CA243AF875008241A7 /* CurrencyServices.swift in Sources */ = {isa = PBXBuildFile; fileRef = E9EB11C9243AF875008241A7 /* CurrencyServices.swift */; };
		E9EB11CC243B0AD2008241A7 /* WeatherAppViewController.swift in Sources */ = {isa = PBXBuildFile; fileRef = E9EB11CB243B0AD2008241A7 /* WeatherAppViewController.swift */; };
		E9FEEFB1242C3DAC005061A2 /* AppDelegate.swift in Sources */ = {isa = PBXBuildFile; fileRef = E9FEEFB0242C3DAC005061A2 /* AppDelegate.swift */; };
		E9FEEFB3242C3DAC005061A2 /* SceneDelegate.swift in Sources */ = {isa = PBXBuildFile; fileRef = E9FEEFB2242C3DAC005061A2 /* SceneDelegate.swift */; };
		E9FEEFB8242C3DAC005061A2 /* Main.storyboard in Resources */ = {isa = PBXBuildFile; fileRef = E9FEEFB6242C3DAC005061A2 /* Main.storyboard */; };
		E9FEEFBA242C3DB3005061A2 /* Assets.xcassets in Resources */ = {isa = PBXBuildFile; fileRef = E9FEEFB9242C3DB3005061A2 /* Assets.xcassets */; };
		E9FEEFBD242C3DB3005061A2 /* LaunchScreen.storyboard in Resources */ = {isa = PBXBuildFile; fileRef = E9FEEFBB242C3DB3005061A2 /* LaunchScreen.storyboard */; };
		E9FEEFC8242C3DB3005061A2 /* TravelAppServiceTestCase.swift in Sources */ = {isa = PBXBuildFile; fileRef = E9FEEFC7242C3DB3005061A2 /* TravelAppServiceTestCase.swift */; };
		E9FEEFD3242C3DB3005061A2 /* TravelAppUITests.swift in Sources */ = {isa = PBXBuildFile; fileRef = E9FEEFD2242C3DB3005061A2 /* TravelAppUITests.swift */; };
		EF0B2F3CFE8BD0A295BA2395 /* Pods_TravelApp.framework in Frameworks */ = {isa = PBXBuildFile; fileRef = A8453F98627ABE6C79422FE0 /* Pods_TravelApp.framework */; };
/* End PBXBuildFile section */

/* Begin PBXContainerItemProxy section */
		E9FEEFC4242C3DB3005061A2 /* PBXContainerItemProxy */ = {
			isa = PBXContainerItemProxy;
			containerPortal = E9FEEFA5242C3DAC005061A2 /* Project object */;
			proxyType = 1;
			remoteGlobalIDString = E9FEEFAC242C3DAC005061A2;
			remoteInfo = TravelApp;
		};
		E9FEEFCF242C3DB3005061A2 /* PBXContainerItemProxy */ = {
			isa = PBXContainerItemProxy;
			containerPortal = E9FEEFA5242C3DAC005061A2 /* Project object */;
			proxyType = 1;
			remoteGlobalIDString = E9FEEFAC242C3DAC005061A2;
			remoteInfo = TravelApp;
		};
/* End PBXContainerItemProxy section */

/* Begin PBXFileReference section */
		288D16869112DD8A09196717 /* Pods-TravelApp-TravelAppUITests.debug.xcconfig */ = {isa = PBXFileReference; includeInIndex = 1; lastKnownFileType = text.xcconfig; name = "Pods-TravelApp-TravelAppUITests.debug.xcconfig"; path = "Target Support Files/Pods-TravelApp-TravelAppUITests/Pods-TravelApp-TravelAppUITests.debug.xcconfig"; sourceTree = "<group>"; };
		38393D35130906E3AD3FB10E /* Pods_TravelApp_TravelAppUITests.framework */ = {isa = PBXFileReference; explicitFileType = wrapper.framework; includeInIndex = 0; path = Pods_TravelApp_TravelAppUITests.framework; sourceTree = BUILT_PRODUCTS_DIR; };
		38A613FADBB67F7D7DDC233B /* Pods_TravelAppTests.framework */ = {isa = PBXFileReference; explicitFileType = wrapper.framework; includeInIndex = 0; path = Pods_TravelAppTests.framework; sourceTree = BUILT_PRODUCTS_DIR; };
		5B1BE364A06587427C917D33 /* Pods-TravelAppTests.debug.xcconfig */ = {isa = PBXFileReference; includeInIndex = 1; lastKnownFileType = text.xcconfig; name = "Pods-TravelAppTests.debug.xcconfig"; path = "Target Support Files/Pods-TravelAppTests/Pods-TravelAppTests.debug.xcconfig"; sourceTree = "<group>"; };
		620202F8A7C74A46A146012D /* Pods-TravelApp-TravelAppUITests.release.xcconfig */ = {isa = PBXFileReference; includeInIndex = 1; lastKnownFileType = text.xcconfig; name = "Pods-TravelApp-TravelAppUITests.release.xcconfig"; path = "Target Support Files/Pods-TravelApp-TravelAppUITests/Pods-TravelApp-TravelAppUITests.release.xcconfig"; sourceTree = "<group>"; };
		6A9B37D6DED4E55F7FB7B18D /* Pods-TravelApp.release.xcconfig */ = {isa = PBXFileReference; includeInIndex = 1; lastKnownFileType = text.xcconfig; name = "Pods-TravelApp.release.xcconfig"; path = "Target Support Files/Pods-TravelApp/Pods-TravelApp.release.xcconfig"; sourceTree = "<group>"; };
		A8453F98627ABE6C79422FE0 /* Pods_TravelApp.framework */ = {isa = PBXFileReference; explicitFileType = wrapper.framework; includeInIndex = 0; path = Pods_TravelApp.framework; sourceTree = BUILT_PRODUCTS_DIR; };
		E49E7763EB6CFF0DC368A13D /* Pods-TravelAppTests.release.xcconfig */ = {isa = PBXFileReference; includeInIndex = 1; lastKnownFileType = text.xcconfig; name = "Pods-TravelAppTests.release.xcconfig"; path = "Target Support Files/Pods-TravelAppTests/Pods-TravelAppTests.release.xcconfig"; sourceTree = "<group>"; };
		E912D22424732E3C00D8181A /* Double+rounded.swift */ = {isa = PBXFileReference; lastKnownFileType = sourcecode.swift; path = "Double+rounded.swift"; sourceTree = "<group>"; };
		E912D22624732ED100D8181A /* Date+dateFormatter.swift */ = {isa = PBXFileReference; lastKnownFileType = sourcecode.swift; path = "Date+dateFormatter.swift"; sourceTree = "<group>"; };
		E923012724453F7C00165D1B /* WeatherExchangeResponse.swift */ = {isa = PBXFileReference; lastKnownFileType = sourcecode.swift; path = WeatherExchangeResponse.swift; sourceTree = "<group>"; };
		E92EC99A24465E0B00386438 /* TranslationResponse.swift */ = {isa = PBXFileReference; lastKnownFileType = sourcecode.swift; path = TranslationResponse.swift; sourceTree = "<group>"; };
		E92EC99C24465E4A00386438 /* TranslationService.swift */ = {isa = PBXFileReference; lastKnownFileType = sourcecode.swift; path = TranslationService.swift; sourceTree = "<group>"; };
		E9752D55247C9AA4009467A3 /* Rates.json */ = {isa = PBXFileReference; lastKnownFileType = text.json; path = Rates.json; sourceTree = "<group>"; };
		E9752D57247C9B4F009467A3 /* FakeResponseData.swift */ = {isa = PBXFileReference; lastKnownFileType = sourcecode.swift; path = FakeResponseData.swift; sourceTree = "<group>"; };
		E9752D5A247CA9C8009467A3 /* URLRatesSessionFake.swift */ = {isa = PBXFileReference; lastKnownFileType = sourcecode.swift; path = URLRatesSessionFake.swift; sourceTree = "<group>"; };
		E9752D5C247CD39A009467A3 /* Weather.json */ = {isa = PBXFileReference; lastKnownFileType = text.json; path = Weather.json; sourceTree = "<group>"; };
		E9752D5E247CD427009467A3 /* Translate.json */ = {isa = PBXFileReference; lastKnownFileType = text.json; path = Translate.json; sourceTree = "<group>"; };
		E992EB34246C39360088D0A7 /* UIViewController+alert.swift */ = {isa = PBXFileReference; lastKnownFileType = sourcecode.swift; path = "UIViewController+alert.swift"; sourceTree = "<group>"; };
		E9B81532247EA7ED009F6337 /* UrlEncoder.swift */ = {isa = PBXFileReference; lastKnownFileType = sourcecode.swift; path = UrlEncoder.swift; sourceTree = "<group>"; };
		E9B8F6132444DF6700A52C8B /* CurrencyExchangeResponse.swift */ = {isa = PBXFileReference; lastKnownFileType = sourcecode.swift; path = CurrencyExchangeResponse.swift; sourceTree = "<group>"; };
		E9BACF29243AD90E0074E6B0 /* UIView+setGradientBackground.swift */ = {isa = PBXFileReference; lastKnownFileType = sourcecode.swift; path = "UIView+setGradientBackground.swift"; sourceTree = "<group>"; };
		E9BACF2D243AE8B80074E6B0 /* ExchangeRatesViewController.swift */ = {isa = PBXFileReference; lastKnownFileType = sourcecode.swift; path = ExchangeRatesViewController.swift; sourceTree = "<group>"; };
		E9CBA537243BF99400BFEA04 /* WeatherServices.swift */ = {isa = PBXFileReference; lastKnownFileType = sourcecode.swift; path = WeatherServices.swift; sourceTree = "<group>"; };
		E9CBA53B243D61D100BFEA04 /* TranslationViewController.swift */ = {isa = PBXFileReference; lastKnownFileType = sourcecode.swift; path = TranslationViewController.swift; sourceTree = "<group>"; };
		E9EB11C9243AF875008241A7 /* CurrencyServices.swift */ = {isa = PBXFileReference; lastKnownFileType = sourcecode.swift; path = CurrencyServices.swift; sourceTree = "<group>"; };
		E9EB11CB243B0AD2008241A7 /* WeatherAppViewController.swift */ = {isa = PBXFileReference; lastKnownFileType = sourcecode.swift; path = WeatherAppViewController.swift; sourceTree = "<group>"; };
		E9FEEFAD242C3DAC005061A2 /* TravelApp.app */ = {isa = PBXFileReference; explicitFileType = wrapper.application; includeInIndex = 0; path = TravelApp.app; sourceTree = BUILT_PRODUCTS_DIR; };
		E9FEEFB0242C3DAC005061A2 /* AppDelegate.swift */ = {isa = PBXFileReference; lastKnownFileType = sourcecode.swift; path = AppDelegate.swift; sourceTree = "<group>"; };
		E9FEEFB2242C3DAC005061A2 /* SceneDelegate.swift */ = {isa = PBXFileReference; lastKnownFileType = sourcecode.swift; path = SceneDelegate.swift; sourceTree = "<group>"; };
		E9FEEFB7242C3DAC005061A2 /* Base */ = {isa = PBXFileReference; lastKnownFileType = file.storyboard; name = Base; path = Base.lproj/Main.storyboard; sourceTree = "<group>"; };
		E9FEEFB9242C3DB3005061A2 /* Assets.xcassets */ = {isa = PBXFileReference; lastKnownFileType = folder.assetcatalog; path = Assets.xcassets; sourceTree = "<group>"; };
		E9FEEFBC242C3DB3005061A2 /* Base */ = {isa = PBXFileReference; lastKnownFileType = file.storyboard; name = Base; path = Base.lproj/LaunchScreen.storyboard; sourceTree = "<group>"; };
		E9FEEFBE242C3DB3005061A2 /* Info.plist */ = {isa = PBXFileReference; lastKnownFileType = text.plist.xml; path = Info.plist; sourceTree = "<group>"; };
		E9FEEFC3242C3DB3005061A2 /* TravelAppTests.xctest */ = {isa = PBXFileReference; explicitFileType = wrapper.cfbundle; includeInIndex = 0; path = TravelAppTests.xctest; sourceTree = BUILT_PRODUCTS_DIR; };
		E9FEEFC7242C3DB3005061A2 /* TravelAppServiceTestCase.swift */ = {isa = PBXFileReference; lastKnownFileType = sourcecode.swift; path = TravelAppServiceTestCase.swift; sourceTree = "<group>"; };
		E9FEEFC9242C3DB3005061A2 /* Info.plist */ = {isa = PBXFileReference; lastKnownFileType = text.plist.xml; path = Info.plist; sourceTree = "<group>"; };
		E9FEEFCE242C3DB3005061A2 /* TravelAppUITests.xctest */ = {isa = PBXFileReference; explicitFileType = wrapper.cfbundle; includeInIndex = 0; path = TravelAppUITests.xctest; sourceTree = BUILT_PRODUCTS_DIR; };
		E9FEEFD2242C3DB3005061A2 /* TravelAppUITests.swift */ = {isa = PBXFileReference; lastKnownFileType = sourcecode.swift; path = TravelAppUITests.swift; sourceTree = "<group>"; };
		E9FEEFD4242C3DB3005061A2 /* Info.plist */ = {isa = PBXFileReference; lastKnownFileType = text.plist.xml; path = Info.plist; sourceTree = "<group>"; };
		EFE324E4EA67DA9DA500E8ED /* Pods-TravelApp.debug.xcconfig */ = {isa = PBXFileReference; includeInIndex = 1; lastKnownFileType = text.xcconfig; name = "Pods-TravelApp.debug.xcconfig"; path = "Target Support Files/Pods-TravelApp/Pods-TravelApp.debug.xcconfig"; sourceTree = "<group>"; };
/* End PBXFileReference section */

/* Begin PBXFrameworksBuildPhase section */
		E9FEEFAA242C3DAC005061A2 /* Frameworks */ = {
			isa = PBXFrameworksBuildPhase;
			buildActionMask = 2147483647;
			files = (
				EF0B2F3CFE8BD0A295BA2395 /* Pods_TravelApp.framework in Frameworks */,
			);
			runOnlyForDeploymentPostprocessing = 0;
		};
		E9FEEFC0242C3DB3005061A2 /* Frameworks */ = {
			isa = PBXFrameworksBuildPhase;
			buildActionMask = 2147483647;
			files = (
				C948790E9B6450F86CF03FF0 /* Pods_TravelAppTests.framework in Frameworks */,
			);
			runOnlyForDeploymentPostprocessing = 0;
		};
		E9FEEFCB242C3DB3005061A2 /* Frameworks */ = {
			isa = PBXFrameworksBuildPhase;
			buildActionMask = 2147483647;
			files = (
				C60B6458661AC783FD2F7B9B /* Pods_TravelApp_TravelAppUITests.framework in Frameworks */,
			);
			runOnlyForDeploymentPostprocessing = 0;
		};
/* End PBXFrameworksBuildPhase section */

/* Begin PBXGroup section */
		0C21B87BC63B8E6BBA1A571D /* Frameworks */ = {
			isa = PBXGroup;
			children = (
				A8453F98627ABE6C79422FE0 /* Pods_TravelApp.framework */,
				38393D35130906E3AD3FB10E /* Pods_TravelApp_TravelAppUITests.framework */,
				38A613FADBB67F7D7DDC233B /* Pods_TravelAppTests.framework */,
			);
			name = Frameworks;
			sourceTree = "<group>";
		};
		94C7FA85DF88B3C9BDAF354C /* Pods */ = {
			isa = PBXGroup;
			children = (
				EFE324E4EA67DA9DA500E8ED /* Pods-TravelApp.debug.xcconfig */,
				6A9B37D6DED4E55F7FB7B18D /* Pods-TravelApp.release.xcconfig */,
				288D16869112DD8A09196717 /* Pods-TravelApp-TravelAppUITests.debug.xcconfig */,
				620202F8A7C74A46A146012D /* Pods-TravelApp-TravelAppUITests.release.xcconfig */,
				5B1BE364A06587427C917D33 /* Pods-TravelAppTests.debug.xcconfig */,
				E49E7763EB6CFF0DC368A13D /* Pods-TravelAppTests.release.xcconfig */,
			);
			path = Pods;
			sourceTree = "<group>";
		};
		E92301292445775900165D1B /* Extras */ = {
			isa = PBXGroup;
			children = (
				E9BACF29243AD90E0074E6B0 /* UIView+setGradientBackground.swift */,
				E992EB34246C39360088D0A7 /* UIViewController+alert.swift */,
				E912D22424732E3C00D8181A /* Double+rounded.swift */,
				E912D22624732ED100D8181A /* Date+dateFormatter.swift */,
			);
			path = Extras;
			sourceTree = "<group>";
		};
		E9FEEFA4242C3DAC005061A2 = {
			isa = PBXGroup;
			children = (
				E9FEEFAF242C3DAC005061A2 /* TravelApp */,
				E9FEEFC6242C3DB3005061A2 /* TravelAppTests */,
				E9FEEFD1242C3DB3005061A2 /* TravelAppUITests */,
				E9FEEFAE242C3DAC005061A2 /* Products */,
				94C7FA85DF88B3C9BDAF354C /* Pods */,
				0C21B87BC63B8E6BBA1A571D /* Frameworks */,
			);
			sourceTree = "<group>";
		};
		E9FEEFAE242C3DAC005061A2 /* Products */ = {
			isa = PBXGroup;
			children = (
				E9FEEFAD242C3DAC005061A2 /* TravelApp.app */,
				E9FEEFC3242C3DB3005061A2 /* TravelAppTests.xctest */,
				E9FEEFCE242C3DB3005061A2 /* TravelAppUITests.xctest */,
			);
			name = Products;
			sourceTree = "<group>";
		};
		E9FEEFAF242C3DAC005061A2 /* TravelApp */ = {
			isa = PBXGroup;
			children = (
				E92301292445775900165D1B /* Extras */,
				E9FEEFE3242C3E54005061A2 /* Supporting Files */,
				E9FEEFE2242C3E32005061A2 /* Model */,
				E9FEEFE1242C3E29005061A2 /* View */,
				E9FEEFE0242C3E1C005061A2 /* Controller */,
				E9FEEFBE242C3DB3005061A2 /* Info.plist */,
			);
			path = TravelApp;
			sourceTree = "<group>";
		};
		E9FEEFC6242C3DB3005061A2 /* TravelAppTests */ = {
			isa = PBXGroup;
			children = (
				E9FEEFC7242C3DB3005061A2 /* TravelAppServiceTestCase.swift */,
				E9752D55247C9AA4009467A3 /* Rates.json */,
				E9752D5C247CD39A009467A3 /* Weather.json */,
				E9752D5E247CD427009467A3 /* Translate.json */,
				E9752D57247C9B4F009467A3 /* FakeResponseData.swift */,
				E9FEEFC9242C3DB3005061A2 /* Info.plist */,
				E9752D5A247CA9C8009467A3 /* URLRatesSessionFake.swift */,
			);
			path = TravelAppTests;
			sourceTree = "<group>";
		};
		E9FEEFD1242C3DB3005061A2 /* TravelAppUITests */ = {
			isa = PBXGroup;
			children = (
				E9FEEFD2242C3DB3005061A2 /* TravelAppUITests.swift */,
				E9FEEFD4242C3DB3005061A2 /* Info.plist */,
			);
			path = TravelAppUITests;
			sourceTree = "<group>";
		};
		E9FEEFE0242C3E1C005061A2 /* Controller */ = {
			isa = PBXGroup;
			children = (
				E9BACF2D243AE8B80074E6B0 /* ExchangeRatesViewController.swift */,
				E9EB11CB243B0AD2008241A7 /* WeatherAppViewController.swift */,
				E9CBA53B243D61D100BFEA04 /* TranslationViewController.swift */,
			);
			path = Controller;
			sourceTree = "<group>";
		};
		E9FEEFE1242C3E29005061A2 /* View */ = {
			isa = PBXGroup;
			children = (
				E9FEEFB6242C3DAC005061A2 /* Main.storyboard */,
				E9FEEFBB242C3DB3005061A2 /* LaunchScreen.storyboard */,
			);
			path = View;
			sourceTree = "<group>";
		};
		E9FEEFE2242C3E32005061A2 /* Model */ = {
			isa = PBXGroup;
			children = (
				E9B8F6132444DF6700A52C8B /* CurrencyExchangeResponse.swift */,
				E9EB11C9243AF875008241A7 /* CurrencyServices.swift */,
				E923012724453F7C00165D1B /* WeatherExchangeResponse.swift */,
				E9CBA537243BF99400BFEA04 /* WeatherServices.swift */,
				E92EC99A24465E0B00386438 /* TranslationResponse.swift */,
				E92EC99C24465E4A00386438 /* TranslationService.swift */,
				E9B81532247EA7ED009F6337 /* UrlEncoder.swift */,
			);
			path = Model;
			sourceTree = "<group>";
		};
		E9FEEFE3242C3E54005061A2 /* Supporting Files */ = {
			isa = PBXGroup;
			children = (
				E9FEEFB0242C3DAC005061A2 /* AppDelegate.swift */,
				E9FEEFB2242C3DAC005061A2 /* SceneDelegate.swift */,
				E9FEEFB9242C3DB3005061A2 /* Assets.xcassets */,
			);
			path = "Supporting Files";
			sourceTree = "<group>";
		};
/* End PBXGroup section */

/* Begin PBXNativeTarget section */
		E9FEEFAC242C3DAC005061A2 /* TravelApp */ = {
			isa = PBXNativeTarget;
			buildConfigurationList = E9FEEFD7242C3DB3005061A2 /* Build configuration list for PBXNativeTarget "TravelApp" */;
			buildPhases = (
				F29624680B3BBAFA4A92DB76 /* [CP] Check Pods Manifest.lock */,
				E9FEEFA9242C3DAC005061A2 /* Sources */,
				E9FEEFAA242C3DAC005061A2 /* Frameworks */,
				E9FEEFAB242C3DAC005061A2 /* Resources */,
				1B6CC4404F2EBBD3CA34CDD5 /* [CP] Embed Pods Frameworks */,
			);
			buildRules = (
			);
			dependencies = (
			);
			name = TravelApp;
			productName = TravelApp;
			productReference = E9FEEFAD242C3DAC005061A2 /* TravelApp.app */;
			productType = "com.apple.product-type.application";
		};
		E9FEEFC2242C3DB3005061A2 /* TravelAppTests */ = {
			isa = PBXNativeTarget;
			buildConfigurationList = E9FEEFDA242C3DB3005061A2 /* Build configuration list for PBXNativeTarget "TravelAppTests" */;
			buildPhases = (
				EDAE59D8F11F4F9851AE251A /* [CP] Check Pods Manifest.lock */,
				E9FEEFBF242C3DB3005061A2 /* Sources */,
				E9FEEFC0242C3DB3005061A2 /* Frameworks */,
				E9FEEFC1242C3DB3005061A2 /* Resources */,
			);
			buildRules = (
			);
			dependencies = (
				E9FEEFC5242C3DB3005061A2 /* PBXTargetDependency */,
			);
			name = TravelAppTests;
			productName = TravelAppTests;
			productReference = E9FEEFC3242C3DB3005061A2 /* TravelAppTests.xctest */;
			productType = "com.apple.product-type.bundle.unit-test";
		};
		E9FEEFCD242C3DB3005061A2 /* TravelAppUITests */ = {
			isa = PBXNativeTarget;
			buildConfigurationList = E9FEEFDD242C3DB3005061A2 /* Build configuration list for PBXNativeTarget "TravelAppUITests" */;
			buildPhases = (
				B41B4EC656090DA1B53009BF /* [CP] Check Pods Manifest.lock */,
				E9FEEFCA242C3DB3005061A2 /* Sources */,
				E9FEEFCB242C3DB3005061A2 /* Frameworks */,
				E9FEEFCC242C3DB3005061A2 /* Resources */,
				2D607A21C65226A5C571C746 /* [CP] Embed Pods Frameworks */,
			);
			buildRules = (
			);
			dependencies = (
				E9FEEFD0242C3DB3005061A2 /* PBXTargetDependency */,
			);
			name = TravelAppUITests;
			productName = TravelAppUITests;
			productReference = E9FEEFCE242C3DB3005061A2 /* TravelAppUITests.xctest */;
			productType = "com.apple.product-type.bundle.ui-testing";
		};
/* End PBXNativeTarget section */

/* Begin PBXProject section */
		E9FEEFA5242C3DAC005061A2 /* Project object */ = {
			isa = PBXProject;
			attributes = {
				LastSwiftUpdateCheck = 1130;
				LastUpgradeCheck = 1130;
				ORGANIZATIONNAME = "Steve Bernard";
				TargetAttributes = {
					E9FEEFAC242C3DAC005061A2 = {
						CreatedOnToolsVersion = 11.3.1;
					};
					E9FEEFC2242C3DB3005061A2 = {
						CreatedOnToolsVersion = 11.3.1;
						TestTargetID = E9FEEFAC242C3DAC005061A2;
					};
					E9FEEFCD242C3DB3005061A2 = {
						CreatedOnToolsVersion = 11.3.1;
						TestTargetID = E9FEEFAC242C3DAC005061A2;
					};
				};
			};
			buildConfigurationList = E9FEEFA8242C3DAC005061A2 /* Build configuration list for PBXProject "TravelApp" */;
			compatibilityVersion = "Xcode 9.3";
			developmentRegion = en;
			hasScannedForEncodings = 0;
			knownRegions = (
				en,
				Base,
			);
			mainGroup = E9FEEFA4242C3DAC005061A2;
			productRefGroup = E9FEEFAE242C3DAC005061A2 /* Products */;
			projectDirPath = "";
			projectRoot = "";
			targets = (
				E9FEEFAC242C3DAC005061A2 /* TravelApp */,
				E9FEEFC2242C3DB3005061A2 /* TravelAppTests */,
				E9FEEFCD242C3DB3005061A2 /* TravelAppUITests */,
			);
		};
/* End PBXProject section */

/* Begin PBXResourcesBuildPhase section */
		E9FEEFAB242C3DAC005061A2 /* Resources */ = {
			isa = PBXResourcesBuildPhase;
			buildActionMask = 2147483647;
			files = (
				E9FEEFBD242C3DB3005061A2 /* LaunchScreen.storyboard in Resources */,
				E9FEEFBA242C3DB3005061A2 /* Assets.xcassets in Resources */,
				E9FEEFB8242C3DAC005061A2 /* Main.storyboard in Resources */,
			);
			runOnlyForDeploymentPostprocessing = 0;
		};
		E9FEEFC1242C3DB3005061A2 /* Resources */ = {
			isa = PBXResourcesBuildPhase;
			buildActionMask = 2147483647;
			files = (
				E9752D5D247CD39A009467A3 /* Weather.json in Resources */,
				E9752D5F247CD427009467A3 /* Translate.json in Resources */,
				E9752D56247C9AA4009467A3 /* Rates.json in Resources */,
			);
			runOnlyForDeploymentPostprocessing = 0;
		};
		E9FEEFCC242C3DB3005061A2 /* Resources */ = {
			isa = PBXResourcesBuildPhase;
			buildActionMask = 2147483647;
			files = (
			);
			runOnlyForDeploymentPostprocessing = 0;
		};
/* End PBXResourcesBuildPhase section */

/* Begin PBXShellScriptBuildPhase section */
		1B6CC4404F2EBBD3CA34CDD5 /* [CP] Embed Pods Frameworks */ = {
			isa = PBXShellScriptBuildPhase;
			buildActionMask = 2147483647;
			files = (
			);
			inputFileListPaths = (
				"${PODS_ROOT}/Target Support Files/Pods-TravelApp/Pods-TravelApp-frameworks-${CONFIGURATION}-input-files.xcfilelist",
			);
			name = "[CP] Embed Pods Frameworks";
			outputFileListPaths = (
				"${PODS_ROOT}/Target Support Files/Pods-TravelApp/Pods-TravelApp-frameworks-${CONFIGURATION}-output-files.xcfilelist",
			);
			runOnlyForDeploymentPostprocessing = 0;
			shellPath = /bin/sh;
			shellScript = "\"${PODS_ROOT}/Target Support Files/Pods-TravelApp/Pods-TravelApp-frameworks.sh\"\n";
			showEnvVarsInLog = 0;
		};
		2D607A21C65226A5C571C746 /* [CP] Embed Pods Frameworks */ = {
			isa = PBXShellScriptBuildPhase;
			buildActionMask = 2147483647;
			files = (
			);
			inputFileListPaths = (
				"${PODS_ROOT}/Target Support Files/Pods-TravelApp-TravelAppUITests/Pods-TravelApp-TravelAppUITests-frameworks-${CONFIGURATION}-input-files.xcfilelist",
			);
			name = "[CP] Embed Pods Frameworks";
			outputFileListPaths = (
				"${PODS_ROOT}/Target Support Files/Pods-TravelApp-TravelAppUITests/Pods-TravelApp-TravelAppUITests-frameworks-${CONFIGURATION}-output-files.xcfilelist",
			);
			runOnlyForDeploymentPostprocessing = 0;
			shellPath = /bin/sh;
			shellScript = "\"${PODS_ROOT}/Target Support Files/Pods-TravelApp-TravelAppUITests/Pods-TravelApp-TravelAppUITests-frameworks.sh\"\n";
			showEnvVarsInLog = 0;
		};
		B41B4EC656090DA1B53009BF /* [CP] Check Pods Manifest.lock */ = {
			isa = PBXShellScriptBuildPhase;
			buildActionMask = 2147483647;
			files = (
			);
			inputFileListPaths = (
			);
			inputPaths = (
				"${PODS_PODFILE_DIR_PATH}/Podfile.lock",
				"${PODS_ROOT}/Manifest.lock",
			);
			name = "[CP] Check Pods Manifest.lock";
			outputFileListPaths = (
			);
			outputPaths = (
				"$(DERIVED_FILE_DIR)/Pods-TravelApp-TravelAppUITests-checkManifestLockResult.txt",
			);
			runOnlyForDeploymentPostprocessing = 0;
			shellPath = /bin/sh;
			shellScript = "diff \"${PODS_PODFILE_DIR_PATH}/Podfile.lock\" \"${PODS_ROOT}/Manifest.lock\" > /dev/null\nif [ $? != 0 ] ; then\n    # print error to STDERR\n    echo \"error: The sandbox is not in sync with the Podfile.lock. Run 'pod install' or update your CocoaPods installation.\" >&2\n    exit 1\nfi\n# This output is used by Xcode 'outputs' to avoid re-running this script phase.\necho \"SUCCESS\" > \"${SCRIPT_OUTPUT_FILE_0}\"\n";
			showEnvVarsInLog = 0;
		};
		EDAE59D8F11F4F9851AE251A /* [CP] Check Pods Manifest.lock */ = {
			isa = PBXShellScriptBuildPhase;
			buildActionMask = 2147483647;
			files = (
			);
			inputFileListPaths = (
			);
			inputPaths = (
				"${PODS_PODFILE_DIR_PATH}/Podfile.lock",
				"${PODS_ROOT}/Manifest.lock",
			);
			name = "[CP] Check Pods Manifest.lock";
			outputFileListPaths = (
			);
			outputPaths = (
				"$(DERIVED_FILE_DIR)/Pods-TravelAppTests-checkManifestLockResult.txt",
			);
			runOnlyForDeploymentPostprocessing = 0;
			shellPath = /bin/sh;
			shellScript = "diff \"${PODS_PODFILE_DIR_PATH}/Podfile.lock\" \"${PODS_ROOT}/Manifest.lock\" > /dev/null\nif [ $? != 0 ] ; then\n    # print error to STDERR\n    echo \"error: The sandbox is not in sync with the Podfile.lock. Run 'pod install' or update your CocoaPods installation.\" >&2\n    exit 1\nfi\n# This output is used by Xcode 'outputs' to avoid re-running this script phase.\necho \"SUCCESS\" > \"${SCRIPT_OUTPUT_FILE_0}\"\n";
			showEnvVarsInLog = 0;
		};
		F29624680B3BBAFA4A92DB76 /* [CP] Check Pods Manifest.lock */ = {
			isa = PBXShellScriptBuildPhase;
			buildActionMask = 2147483647;
			files = (
			);
			inputFileListPaths = (
			);
			inputPaths = (
				"${PODS_PODFILE_DIR_PATH}/Podfile.lock",
				"${PODS_ROOT}/Manifest.lock",
			);
			name = "[CP] Check Pods Manifest.lock";
			outputFileListPaths = (
			);
			outputPaths = (
				"$(DERIVED_FILE_DIR)/Pods-TravelApp-checkManifestLockResult.txt",
			);
			runOnlyForDeploymentPostprocessing = 0;
			shellPath = /bin/sh;
			shellScript = "diff \"${PODS_PODFILE_DIR_PATH}/Podfile.lock\" \"${PODS_ROOT}/Manifest.lock\" > /dev/null\nif [ $? != 0 ] ; then\n    # print error to STDERR\n    echo \"error: The sandbox is not in sync with the Podfile.lock. Run 'pod install' or update your CocoaPods installation.\" >&2\n    exit 1\nfi\n# This output is used by Xcode 'outputs' to avoid re-running this script phase.\necho \"SUCCESS\" > \"${SCRIPT_OUTPUT_FILE_0}\"\n";
			showEnvVarsInLog = 0;
		};
/* End PBXShellScriptBuildPhase section */

/* Begin PBXSourcesBuildPhase section */
		E9FEEFA9242C3DAC005061A2 /* Sources */ = {
			isa = PBXSourcesBuildPhase;
			buildActionMask = 2147483647;
			files = (
				E912D22524732E3C00D8181A /* Double+rounded.swift in Sources */,
				E92EC99B24465E0B00386438 /* TranslationResponse.swift in Sources */,
				E9FEEFB1242C3DAC005061A2 /* AppDelegate.swift in Sources */,
				E9CBA53C243D61D100BFEA04 /* TranslationViewController.swift in Sources */,
				E992EB35246C39360088D0A7 /* UIViewController+alert.swift in Sources */,
				E9FEEFB3242C3DAC005061A2 /* SceneDelegate.swift in Sources */,
				E9EB11CA243AF875008241A7 /* CurrencyServices.swift in Sources */,
				E9BACF2E243AE8B80074E6B0 /* ExchangeRatesViewController.swift in Sources */,
				E9B8F6142444DF6700A52C8B /* CurrencyExchangeResponse.swift in Sources */,
				E9CBA538243BF99400BFEA04 /* WeatherServices.swift in Sources */,
				E9EB11CC243B0AD2008241A7 /* WeatherAppViewController.swift in Sources */,
				E923012824453F7C00165D1B /* WeatherExchangeResponse.swift in Sources */,
				E9BACF2A243AD90E0074E6B0 /* UIView+setGradientBackground.swift in Sources */,
				E92EC99D24465E4A00386438 /* TranslationService.swift in Sources */,
				E9B81533247EA7ED009F6337 /* UrlEncoder.swift in Sources */,
				E912D22724732ED100D8181A /* Date+dateFormatter.swift in Sources */,
			);
			runOnlyForDeploymentPostprocessing = 0;
		};
		E9FEEFBF242C3DB3005061A2 /* Sources */ = {
			isa = PBXSourcesBuildPhase;
			buildActionMask = 2147483647;
			files = (
				E9FEEFC8242C3DB3005061A2 /* TravelAppServiceTestCase.swift in Sources */,
				E9752D58247C9B4F009467A3 /* FakeResponseData.swift in Sources */,
				E9752D5B247CA9C8009467A3 /* URLRatesSessionFake.swift in Sources */,
			);
			runOnlyForDeploymentPostprocessing = 0;
		};
		E9FEEFCA242C3DB3005061A2 /* Sources */ = {
			isa = PBXSourcesBuildPhase;
			buildActionMask = 2147483647;
			files = (
				E9FEEFD3242C3DB3005061A2 /* TravelAppUITests.swift in Sources */,
			);
			runOnlyForDeploymentPostprocessing = 0;
		};
/* End PBXSourcesBuildPhase section */

/* Begin PBXTargetDependency section */
		E9FEEFC5242C3DB3005061A2 /* PBXTargetDependency */ = {
			isa = PBXTargetDependency;
			target = E9FEEFAC242C3DAC005061A2 /* TravelApp */;
			targetProxy = E9FEEFC4242C3DB3005061A2 /* PBXContainerItemProxy */;
		};
		E9FEEFD0242C3DB3005061A2 /* PBXTargetDependency */ = {
			isa = PBXTargetDependency;
			target = E9FEEFAC242C3DAC005061A2 /* TravelApp */;
			targetProxy = E9FEEFCF242C3DB3005061A2 /* PBXContainerItemProxy */;
		};
/* End PBXTargetDependency section */

/* Begin PBXVariantGroup section */
		E9FEEFB6242C3DAC005061A2 /* Main.storyboard */ = {
			isa = PBXVariantGroup;
			children = (
				E9FEEFB7242C3DAC005061A2 /* Base */,
			);
			name = Main.storyboard;
			sourceTree = "<group>";
		};
		E9FEEFBB242C3DB3005061A2 /* LaunchScreen.storyboard */ = {
			isa = PBXVariantGroup;
			children = (
				E9FEEFBC242C3DB3005061A2 /* Base */,
			);
			name = LaunchScreen.storyboard;
			sourceTree = "<group>";
		};
/* End PBXVariantGroup section */

/* Begin XCBuildConfiguration section */
		E9FEEFD5242C3DB3005061A2 /* Debug */ = {
			isa = XCBuildConfiguration;
			buildSettings = {
				ALWAYS_SEARCH_USER_PATHS = NO;
				CLANG_ANALYZER_NONNULL = YES;
				CLANG_ANALYZER_NUMBER_OBJECT_CONVERSION = YES_AGGRESSIVE;
				CLANG_CXX_LANGUAGE_STANDARD = "gnu++14";
				CLANG_CXX_LIBRARY = "libc++";
				CLANG_ENABLE_MODULES = YES;
				CLANG_ENABLE_OBJC_ARC = YES;
				CLANG_ENABLE_OBJC_WEAK = YES;
				CLANG_WARN_BLOCK_CAPTURE_AUTORELEASING = YES;
				CLANG_WARN_BOOL_CONVERSION = YES;
				CLANG_WARN_COMMA = YES;
				CLANG_WARN_CONSTANT_CONVERSION = YES;
				CLANG_WARN_DEPRECATED_OBJC_IMPLEMENTATIONS = YES;
				CLANG_WARN_DIRECT_OBJC_ISA_USAGE = YES_ERROR;
				CLANG_WARN_DOCUMENTATION_COMMENTS = YES;
				CLANG_WARN_EMPTY_BODY = YES;
				CLANG_WARN_ENUM_CONVERSION = YES;
				CLANG_WARN_INFINITE_RECURSION = YES;
				CLANG_WARN_INT_CONVERSION = YES;
				CLANG_WARN_NON_LITERAL_NULL_CONVERSION = YES;
				CLANG_WARN_OBJC_IMPLICIT_RETAIN_SELF = YES;
				CLANG_WARN_OBJC_LITERAL_CONVERSION = YES;
				CLANG_WARN_OBJC_ROOT_CLASS = YES_ERROR;
				CLANG_WARN_RANGE_LOOP_ANALYSIS = YES;
				CLANG_WARN_STRICT_PROTOTYPES = YES;
				CLANG_WARN_SUSPICIOUS_MOVE = YES;
				CLANG_WARN_UNGUARDED_AVAILABILITY = YES_AGGRESSIVE;
				CLANG_WARN_UNREACHABLE_CODE = YES;
				CLANG_WARN__DUPLICATE_METHOD_MATCH = YES;
				COPY_PHASE_STRIP = NO;
				DEBUG_INFORMATION_FORMAT = dwarf;
				ENABLE_STRICT_OBJC_MSGSEND = YES;
				ENABLE_TESTABILITY = YES;
				GCC_C_LANGUAGE_STANDARD = gnu11;
				GCC_DYNAMIC_NO_PIC = NO;
				GCC_NO_COMMON_BLOCKS = YES;
				GCC_OPTIMIZATION_LEVEL = 0;
				GCC_PREPROCESSOR_DEFINITIONS = (
					"DEBUG=1",
					"$(inherited)",
				);
				GCC_WARN_64_TO_32_BIT_CONVERSION = YES;
				GCC_WARN_ABOUT_RETURN_TYPE = YES_ERROR;
				GCC_WARN_UNDECLARED_SELECTOR = YES;
				GCC_WARN_UNINITIALIZED_AUTOS = YES_AGGRESSIVE;
				GCC_WARN_UNUSED_FUNCTION = YES;
				GCC_WARN_UNUSED_VARIABLE = YES;
				IPHONEOS_DEPLOYMENT_TARGET = 13.2;
				MTL_ENABLE_DEBUG_INFO = INCLUDE_SOURCE;
				MTL_FAST_MATH = YES;
				ONLY_ACTIVE_ARCH = YES;
				SDKROOT = iphoneos;
				SWIFT_ACTIVE_COMPILATION_CONDITIONS = DEBUG;
				SWIFT_OPTIMIZATION_LEVEL = "-Onone";
			};
			name = Debug;
		};
		E9FEEFD6242C3DB3005061A2 /* Release */ = {
			isa = XCBuildConfiguration;
			buildSettings = {
				ALWAYS_SEARCH_USER_PATHS = NO;
				CLANG_ANALYZER_NONNULL = YES;
				CLANG_ANALYZER_NUMBER_OBJECT_CONVERSION = YES_AGGRESSIVE;
				CLANG_CXX_LANGUAGE_STANDARD = "gnu++14";
				CLANG_CXX_LIBRARY = "libc++";
				CLANG_ENABLE_MODULES = YES;
				CLANG_ENABLE_OBJC_ARC = YES;
				CLANG_ENABLE_OBJC_WEAK = YES;
				CLANG_WARN_BLOCK_CAPTURE_AUTORELEASING = YES;
				CLANG_WARN_BOOL_CONVERSION = YES;
				CLANG_WARN_COMMA = YES;
				CLANG_WARN_CONSTANT_CONVERSION = YES;
				CLANG_WARN_DEPRECATED_OBJC_IMPLEMENTATIONS = YES;
				CLANG_WARN_DIRECT_OBJC_ISA_USAGE = YES_ERROR;
				CLANG_WARN_DOCUMENTATION_COMMENTS = YES;
				CLANG_WARN_EMPTY_BODY = YES;
				CLANG_WARN_ENUM_CONVERSION = YES;
				CLANG_WARN_INFINITE_RECURSION = YES;
				CLANG_WARN_INT_CONVERSION = YES;
				CLANG_WARN_NON_LITERAL_NULL_CONVERSION = YES;
				CLANG_WARN_OBJC_IMPLICIT_RETAIN_SELF = YES;
				CLANG_WARN_OBJC_LITERAL_CONVERSION = YES;
				CLANG_WARN_OBJC_ROOT_CLASS = YES_ERROR;
				CLANG_WARN_RANGE_LOOP_ANALYSIS = YES;
				CLANG_WARN_STRICT_PROTOTYPES = YES;
				CLANG_WARN_SUSPICIOUS_MOVE = YES;
				CLANG_WARN_UNGUARDED_AVAILABILITY = YES_AGGRESSIVE;
				CLANG_WARN_UNREACHABLE_CODE = YES;
				CLANG_WARN__DUPLICATE_METHOD_MATCH = YES;
				COPY_PHASE_STRIP = NO;
				DEBUG_INFORMATION_FORMAT = "dwarf-with-dsym";
				ENABLE_NS_ASSERTIONS = NO;
				ENABLE_STRICT_OBJC_MSGSEND = YES;
				GCC_C_LANGUAGE_STANDARD = gnu11;
				GCC_NO_COMMON_BLOCKS = YES;
				GCC_WARN_64_TO_32_BIT_CONVERSION = YES;
				GCC_WARN_ABOUT_RETURN_TYPE = YES_ERROR;
				GCC_WARN_UNDECLARED_SELECTOR = YES;
				GCC_WARN_UNINITIALIZED_AUTOS = YES_AGGRESSIVE;
				GCC_WARN_UNUSED_FUNCTION = YES;
				GCC_WARN_UNUSED_VARIABLE = YES;
				IPHONEOS_DEPLOYMENT_TARGET = 13.2;
				MTL_ENABLE_DEBUG_INFO = NO;
				MTL_FAST_MATH = YES;
				SDKROOT = iphoneos;
				SWIFT_COMPILATION_MODE = wholemodule;
				SWIFT_OPTIMIZATION_LEVEL = "-O";
				VALIDATE_PRODUCT = YES;
			};
			name = Release;
		};
		E9FEEFD8242C3DB3005061A2 /* Debug */ = {
			isa = XCBuildConfiguration;
			baseConfigurationReference = EFE324E4EA67DA9DA500E8ED /* Pods-TravelApp.debug.xcconfig */;
			buildSettings = {
				ASSETCATALOG_COMPILER_APPICON_NAME = AppIcon;
				CODE_SIGN_STYLE = Automatic;
				DEVELOPMENT_TEAM = 69VMC86YYY;
				INFOPLIST_FILE = TravelApp/Info.plist;
				IPHONEOS_DEPLOYMENT_TARGET = 11.0;
				LD_RUNPATH_SEARCH_PATHS = (
					"$(inherited)",
					"@executable_path/Frameworks",
				);
				PRODUCT_BUNDLE_IDENTIFIER = fr.steve.bernard.TravelApp;
				PRODUCT_NAME = "$(TARGET_NAME)";
				SWIFT_VERSION = 5.0;
				TARGETED_DEVICE_FAMILY = 1;
			};
			name = Debug;
		};
		E9FEEFD9242C3DB3005061A2 /* Release */ = {
			isa = XCBuildConfiguration;
			baseConfigurationReference = 6A9B37D6DED4E55F7FB7B18D /* Pods-TravelApp.release.xcconfig */;
			buildSettings = {
				ASSETCATALOG_COMPILER_APPICON_NAME = AppIcon;
				CODE_SIGN_STYLE = Automatic;
				DEVELOPMENT_TEAM = 69VMC86YYY;
				INFOPLIST_FILE = TravelApp/Info.plist;
				IPHONEOS_DEPLOYMENT_TARGET = 11.0;
				LD_RUNPATH_SEARCH_PATHS = (
					"$(inherited)",
					"@executable_path/Frameworks",
				);
				PRODUCT_BUNDLE_IDENTIFIER = fr.steve.bernard.TravelApp;
				PRODUCT_NAME = "$(TARGET_NAME)";
				SWIFT_VERSION = 5.0;
				TARGETED_DEVICE_FAMILY = 1;
			};
			name = Release;
		};
		E9FEEFDB242C3DB3005061A2 /* Debug */ = {
			isa = XCBuildConfiguration;
			baseConfigurationReference = 5B1BE364A06587427C917D33 /* Pods-TravelAppTests.debug.xcconfig */;
			buildSettings = {
				ALWAYS_EMBED_SWIFT_STANDARD_LIBRARIES = YES;
				BUNDLE_LOADER = "$(TEST_HOST)";
				CODE_SIGN_STYLE = Automatic;
				DEVELOPMENT_TEAM = 69VMC86YYY;
				INFOPLIST_FILE = TravelAppTests/Info.plist;
				IPHONEOS_DEPLOYMENT_TARGET = 13.2;
				LD_RUNPATH_SEARCH_PATHS = (
					"$(inherited)",
					"@executable_path/Frameworks",
					"@loader_path/Frameworks",
				);
				PRODUCT_BUNDLE_IDENTIFIER = fr.steve.bernard.TravelAppTests;
				PRODUCT_NAME = "$(TARGET_NAME)";
				SWIFT_VERSION = 5.0;
				TARGETED_DEVICE_FAMILY = "1,2";
				TEST_HOST = "$(BUILT_PRODUCTS_DIR)/TravelApp.app/TravelApp";
			};
			name = Debug;
		};
		E9FEEFDC242C3DB3005061A2 /* Release */ = {
			isa = XCBuildConfiguration;
			baseConfigurationReference = E49E7763EB6CFF0DC368A13D /* Pods-TravelAppTests.release.xcconfig */;
			buildSettings = {
				ALWAYS_EMBED_SWIFT_STANDARD_LIBRARIES = YES;
				BUNDLE_LOADER = "$(TEST_HOST)";
				CODE_SIGN_STYLE = Automatic;
				DEVELOPMENT_TEAM = 69VMC86YYY;
				INFOPLIST_FILE = TravelAppTests/Info.plist;
				IPHONEOS_DEPLOYMENT_TARGET = 13.2;
				LD_RUNPATH_SEARCH_PATHS = (
					"$(inherited)",
					"@executable_path/Frameworks",
					"@loader_path/Frameworks",
				);
				PRODUCT_BUNDLE_IDENTIFIER = fr.steve.bernard.TravelAppTests;
				PRODUCT_NAME = "$(TARGET_NAME)";
				SWIFT_VERSION = 5.0;
				TARGETED_DEVICE_FAMILY = "1,2";
				TEST_HOST = "$(BUILT_PRODUCTS_DIR)/TravelApp.app/TravelApp";
			};
			name = Release;
		};
		E9FEEFDE242C3DB3005061A2 /* Debug */ = {
			isa = XCBuildConfiguration;
			baseConfigurationReference = 288D16869112DD8A09196717 /* Pods-TravelApp-TravelAppUITests.debug.xcconfig */;
			buildSettings = {
				ALWAYS_EMBED_SWIFT_STANDARD_LIBRARIES = YES;
				CODE_SIGN_STYLE = Automatic;
				DEVELOPMENT_TEAM = 69VMC86YYY;
				INFOPLIST_FILE = TravelAppUITests/Info.plist;
				LD_RUNPATH_SEARCH_PATHS = (
					"$(inherited)",
					"@executable_path/Frameworks",
					"@loader_path/Frameworks",
				);
				PRODUCT_BUNDLE_IDENTIFIER = fr.steve.bernard.TravelAppUITests;
				PRODUCT_NAME = "$(TARGET_NAME)";
				SWIFT_VERSION = 5.0;
				TARGETED_DEVICE_FAMILY = "1,2";
				TEST_TARGET_NAME = TravelApp;
			};
			name = Debug;
		};
		E9FEEFDF242C3DB3005061A2 /* Release */ = {
			isa = XCBuildConfiguration;
			baseConfigurationReference = 620202F8A7C74A46A146012D /* Pods-TravelApp-TravelAppUITests.release.xcconfig */;
			buildSettings = {
				ALWAYS_EMBED_SWIFT_STANDARD_LIBRARIES = YES;
				CODE_SIGN_STYLE = Automatic;
				DEVELOPMENT_TEAM = 69VMC86YYY;
				INFOPLIST_FILE = TravelAppUITests/Info.plist;
				LD_RUNPATH_SEARCH_PATHS = (
					"$(inherited)",
					"@executable_path/Frameworks",
					"@loader_path/Frameworks",
				);
				PRODUCT_BUNDLE_IDENTIFIER = fr.steve.bernard.TravelAppUITests;
				PRODUCT_NAME = "$(TARGET_NAME)";
				SWIFT_VERSION = 5.0;
				TARGETED_DEVICE_FAMILY = "1,2";
				TEST_TARGET_NAME = TravelApp;
			};
			name = Release;
		};
/* End XCBuildConfiguration section */

/* Begin XCConfigurationList section */
		E9FEEFA8242C3DAC005061A2 /* Build configuration list for PBXProject "TravelApp" */ = {
			isa = XCConfigurationList;
			buildConfigurations = (
				E9FEEFD5242C3DB3005061A2 /* Debug */,
				E9FEEFD6242C3DB3005061A2 /* Release */,
			);
			defaultConfigurationIsVisible = 0;
			defaultConfigurationName = Release;
		};
		E9FEEFD7242C3DB3005061A2 /* Build configuration list for PBXNativeTarget "TravelApp" */ = {
			isa = XCConfigurationList;
			buildConfigurations = (
				E9FEEFD8242C3DB3005061A2 /* Debug */,
				E9FEEFD9242C3DB3005061A2 /* Release */,
			);
			defaultConfigurationIsVisible = 0;
			defaultConfigurationName = Release;
		};
		E9FEEFDA242C3DB3005061A2 /* Build configuration list for PBXNativeTarget "TravelAppTests" */ = {
			isa = XCConfigurationList;
			buildConfigurations = (
				E9FEEFDB242C3DB3005061A2 /* Debug */,
				E9FEEFDC242C3DB3005061A2 /* Release */,
			);
			defaultConfigurationIsVisible = 0;
			defaultConfigurationName = Release;
		};
		E9FEEFDD242C3DB3005061A2 /* Build configuration list for PBXNativeTarget "TravelAppUITests" */ = {
			isa = XCConfigurationList;
			buildConfigurations = (
				E9FEEFDE242C3DB3005061A2 /* Debug */,
				E9FEEFDF242C3DB3005061A2 /* Release */,
			);
			defaultConfigurationIsVisible = 0;
			defaultConfigurationName = Release;
		};
/* End XCConfigurationList section */
	};
	rootObject = E9FEEFA5242C3DAC005061A2 /* Project object */;
}
